
Microsoft Visual Studio Solution File, Format Version 12.00
Project("{FAE04EC0-301F-11D3-BF4B-00C04F79EFBC}") = "Calculator", "Calculator\Calculator.csproj", "{E13F1010-F306-4189-925C-5319FDAC53DD}"
EndProject
Global
	GlobalSection(SolutionConfigurationPlatforms) = preSolution
		Debug|Any CPU = Debug|Any CPU
		Release|Any CPU = Release|Any CPU
	EndGlobalSection
	GlobalSection(ProjectConfigurationPlatforms) = postSolution
		{E13F1010-F306-4189-925C-5319FDAC53DD}.Debug|Any CPU.ActiveCfg = Debug|Any CPU
		{E13F1010-F306-4189-925C-5319FDAC53DD}.Debug|Any CPU.Build.0 = Debug|Any CPU
		{E13F1010-F306-4189-925C-5319FDAC53DD}.Release|Any CPU.ActiveCfg = Release|Any CPU
		{E13F1010-F306-4189-925C-5319FDAC53DD}.Release|Any CPU.Build.0 = Release|Any CPU
	EndGlobalSection
EndGlobal
